// !$*UTF8*$!
{
	archiveVersion = 1;
	classes = {
	};
	objectVersion = 48;
	objects = {

/* Begin PBXBuildFile section */
		8CB624971F4B2F410039F6EE /* AppDelegate.m in Sources */ = {isa = PBXBuildFile; fileRef = 8CB624961F4B2F410039F6EE /* AppDelegate.m */; };
		8CB6249A1F4B2F410039F6EE /* ViewController.m in Sources */ = {isa = PBXBuildFile; fileRef = 8CB624991F4B2F410039F6EE /* ViewController.m */; };
		8CB6249D1F4B2F410039F6EE /* Main.storyboard in Resources */ = {isa = PBXBuildFile; fileRef = 8CB6249B1F4B2F410039F6EE /* Main.storyboard */; };
		8CB6249F1F4B2F410039F6EE /* Assets.xcassets in Resources */ = {isa = PBXBuildFile; fileRef = 8CB6249E1F4B2F410039F6EE /* Assets.xcassets */; };
		8CB624A21F4B2F410039F6EE /* LaunchScreen.storyboard in Resources */ = {isa = PBXBuildFile; fileRef = 8CB624A01F4B2F410039F6EE /* LaunchScreen.storyboard */; };
		8CB624A51F4B2F410039F6EE /* main.m in Sources */ = {isa = PBXBuildFile; fileRef = 8CB624A41F4B2F410039F6EE /* main.m */; };
/* End PBXBuildFile section */

/* Begin PBXFileReference section */
		8CB624921F4B2F410039F6EE /* DemoApp.app */ = {isa = PBXFileReference; explicitFileType = wrapper.application; includeInIndex = 0; path = DemoApp.app; sourceTree = BUILT_PRODUCTS_DIR; };
		8CB624951F4B2F410039F6EE /* AppDelegate.h */ = {isa = PBXFileReference; lastKnownFileType = sourcecode.c.h; path = AppDelegate.h; sourceTree = "<group>"; };
		8CB624961F4B2F410039F6EE /* AppDelegate.m */ = {isa = PBXFileReference; lastKnownFileType = sourcecode.c.objc; path = AppDelegate.m; sourceTree = "<group>"; };
		8CB624981F4B2F410039F6EE /* ViewController.h */ = {isa = PBXFileReference; lastKnownFileType = sourcecode.c.h; path = ViewController.h; sourceTree = "<group>"; };
		8CB624991F4B2F410039F6EE /* ViewController.m */ = {isa = PBXFileReference; lastKnownFileType = sourcecode.c.objc; path = ViewController.m; sourceTree = "<group>"; };
		8CB6249C1F4B2F410039F6EE /* Base */ = {isa = PBXFileReference; lastKnownFileType = file.storyboard; name = Base; path = Base.lproj/Main.storyboard; sourceTree = "<group>"; };
		8CB6249E1F4B2F410039F6EE /* Assets.xcassets */ = {isa = PBXFileReference; lastKnownFileType = folder.assetcatalog; path = Assets.xcassets; sourceTree = "<group>"; };
		8CB624A11F4B2F410039F6EE /* Base */ = {isa = PBXFileReference; lastKnownFileType = file.storyboard; name = Base; path = Base.lproj/LaunchScreen.storyboard; sourceTree = "<group>"; };
		8CB624A31F4B2F410039F6EE /* Info.plist */ = {isa = PBXFileReference; lastKnownFileType = text.plist.xml; path = Info.plist; sourceTree = "<group>"; };
		8CB624A41F4B2F410039F6EE /* main.m */ = {isa = PBXFileReference; lastKnownFileType = sourcecode.c.objc; path = main.m; sourceTree = "<group>"; };
/* End PBXFileReference section */

/* Begin PBXFrameworksBuildPhase section */
		8CB6248F1F4B2F410039F6EE /* Frameworks */ = {
			isa = PBXFrameworksBuildPhase;
			buildActionMask = 2147483647;
			files = (
			);
			runOnlyForDeploymentPostprocessing = 0;
		};
/* End PBXFrameworksBuildPhase section */

/* Begin PBXGroup section */
		8CB624891F4B2F410039F6EE = {
			isa = PBXGroup;
			children = (
				8CB624941F4B2F410039F6EE /* DemoApp */,
				8CB624931F4B2F410039F6EE /* Products */,
			);
			sourceTree = "<group>";
		};
		8CB624931F4B2F410039F6EE /* Products */ = {
			isa = PBXGroup;
			children = (
				8CB624921F4B2F410039F6EE /* DemoApp.app */,
			);
			name = Products;
			sourceTree = "<group>";
		};
		8CB624941F4B2F410039F6EE /* DemoApp */ = {
			isa = PBXGroup;
			children = (
				8CB624951F4B2F410039F6EE /* AppDelegate.h */,
				8CB624961F4B2F410039F6EE /* AppDelegate.m */,
				8CB624981F4B2F410039F6EE /* ViewController.h */,
				8CB624991F4B2F410039F6EE /* ViewController.m */,
				8CB6249B1F4B2F410039F6EE /* Main.storyboard */,
				8CB6249E1F4B2F410039F6EE /* Assets.xcassets */,
				8CB624A01F4B2F410039F6EE /* LaunchScreen.storyboard */,
				8CB624A31F4B2F410039F6EE /* Info.plist */,
				8CB624A41F4B2F410039F6EE /* main.m */,
			);
			path = DemoApp;
			sourceTree = "<group>";
		};
/* End PBXGroup section */

/* Begin PBXNativeTarget section */
		8CB624911F4B2F410039F6EE /* DemoApp */ = {
			isa = PBXNativeTarget;
			buildConfigurationList = 8CB624A81F4B2F410039F6EE /* Build configuration list for PBXNativeTarget "DemoApp" */;
			buildPhases = (
				8CB6248E1F4B2F410039F6EE /* Sources */,
				8CB6248F1F4B2F410039F6EE /* Frameworks */,
				8CB624901F4B2F410039F6EE /* Resources */,
			);
			buildRules = (
			);
			dependencies = (
			);
			name = DemoApp;
			productName = DemoApp;
			productReference = 8CB624921F4B2F410039F6EE /* DemoApp.app */;
			productType = "com.apple.product-type.application";
		};
/* End PBXNativeTarget section */

/* Begin PBXProject section */
		8CB6248A1F4B2F410039F6EE /* Project object */ = {
			isa = PBXProject;
			attributes = {
				LastUpgradeCheck = 0900;
				ORGANIZATIONNAME = Coder;
				TargetAttributes = {
					8CB624911F4B2F410039F6EE = {
						CreatedOnToolsVersion = 9.0;
					};
				};
			};
			buildConfigurationList = 8CB6248D1F4B2F410039F6EE /* Build configuration list for PBXProject "DemoApp" */;
			compatibilityVersion = "Xcode 8.0";
			developmentRegion = en;
			hasScannedForEncodings = 0;
			knownRegions = (
				en,
				Base,
			);
			mainGroup = 8CB624891F4B2F410039F6EE;
			productRefGroup = 8CB624931F4B2F410039F6EE /* Products */;
			projectDirPath = "";
			projectRoot = "";
			targets = (
				8CB624911F4B2F410039F6EE /* DemoApp */,
			);
		};
/* End PBXProject section */

/* Begin PBXResourcesBuildPhase section */
		8CB624901F4B2F410039F6EE /* Resources */ = {
			isa = PBXResourcesBuildPhase;
			buildActionMask = 2147483647;
			files = (
				8CB624A21F4B2F410039F6EE /* LaunchScreen.storyboard in Resources */,
				8CB6249F1F4B2F410039F6EE /* Assets.xcassets in Resources */,
				8CB6249D1F4B2F410039F6EE /* Main.storyboard in Resources */,
			);
			runOnlyForDeploymentPostprocessing = 0;
		};
/* End PBXResourcesBuildPhase section */

/* Begin PBXSourcesBuildPhase section */
		8CB6248E1F4B2F410039F6EE /* Sources */ = {
			isa = PBXSourcesBuildPhase;
			buildActionMask = 2147483647;
			files = (
				8CB6249A1F4B2F410039F6EE /* ViewController.m in Sources */,
				8CB624A51F4B2F410039F6EE /* main.m in Sources */,
				8CB624971F4B2F410039F6EE /* AppDelegate.m in Sources */,
			);
			runOnlyForDeploymentPostprocessing = 0;
		};
/* End PBXSourcesBuildPhase section */

/* Begin PBXVariantGroup section */
		8CB6249B1F4B2F410039F6EE /* Main.storyboard */ = {
			isa = PBXVariantGroup;
			children = (
				8CB6249C1F4B2F410039F6EE /* Base */,
			);
			name = Main.storyboard;
			sourceTree = "<group>";
		};
		8CB624A01F4B2F410039F6EE /* LaunchScreen.storyboard */ = {
			isa = PBXVariantGroup;
			children = (
				8CB624A11F4B2F410039F6EE /* Base */,
			);
			name = LaunchScreen.storyboard;
			sourceTree = "<group>";
		};
/* End PBXVariantGroup section */

/* Begin XCBuildConfiguration section */
		8CB624A61F4B2F410039F6EE /* Debug */ = {
			isa = XCBuildConfiguration;
			buildSettings = {
				ALWAYS_SEARCH_USER_PATHS = NO;
				CLANG_ANALYZER_NONNULL = YES;
				CLANG_ANALYZER_NUMBER_OBJECT_CONVERSION = YES_AGGRESSIVE;
				CLANG_CXX_LANGUAGE_STANDARD = "gnu++14";
				CLANG_CXX_LIBRARY = "libc++";
				CLANG_ENABLE_MODULES = YES;
				CLANG_ENABLE_OBJC_ARC = YES;
				CLANG_WARN_BLOCK_CAPTURE_AUTORELEASING = YES;
				CLANG_WARN_BOOL_CONVERSION = YES;
				CLANG_WARN_COMMA = YES;
				CLANG_WARN_CONSTANT_CONVERSION = YES;
				CLANG_WARN_DIRECT_OBJC_ISA_USAGE = YES_ERROR;
				CLANG_WARN_DOCUMENTATION_COMMENTS = YES;
				CLANG_WARN_EMPTY_BODY = YES;
				CLANG_WARN_ENUM_CONVERSION = YES;
				CLANG_WARN_INFINITE_RECURSION = YES;
				CLANG_WARN_INT_CONVERSION = YES;
				CLANG_WARN_OBJC_ROOT_CLASS = YES_ERROR;
				CLANG_WARN_RANGE_LOOP_ANALYSIS = YES;
				CLANG_WARN_STRICT_PROTOTYPES = YES;
				CLANG_WARN_SUSPICIOUS_MOVE = YES;
				CLANG_WARN_UNGUARDED_AVAILABILITY = YES_AGGRESSIVE;
				CLANG_WARN_UNREACHABLE_CODE = YES;
				CLANG_WARN__DUPLICATE_METHOD_MATCH = YES;
				CODE_SIGN_IDENTITY = "iPhone Developer";
				COPY_PHASE_STRIP = NO;
				DEBUG_INFORMATION_FORMAT = dwarf;
				ENABLE_STRICT_OBJC_MSGSEND = YES;
				ENABLE_TESTABILITY = YES;
				GCC_C_LANGUAGE_STANDARD = gnu11;
				GCC_DYNAMIC_NO_PIC = NO;
				GCC_NO_COMMON_BLOCKS = YES;
				GCC_OPTIMIZATION_LEVEL = 0;
				GCC_PREPROCESSOR_DEFINITIONS = (
					"DEBUG=1",
					"$(inherited)",
				);
				GCC_WARN_64_TO_32_BIT_CONVERSION = YES;
				GCC_WARN_ABOUT_RETURN_TYPE = YES_ERROR;
				GCC_WARN_UNDECLARED_SELECTOR = YES;
				GCC_WARN_UNINITIALIZED_AUTOS = YES_AGGRESSIVE;
				GCC_WARN_UNUSED_FUNCTION = YES;
				GCC_WARN_UNUSED_VARIABLE = YES;
				IPHONEOS_DEPLOYMENT_TARGET = 11.0;
				MTL_ENABLE_DEBUG_INFO = YES;
				ONLY_ACTIVE_ARCH = YES;
				SDKROOT = iphoneos;
			};
			name = Debug;
		};
		8CB624A71F4B2F410039F6EE /* Release */ = {
			isa = XCBuildConfiguration;
			buildSettings = {
				ALWAYS_SEARCH_USER_PATHS = NO;
				CLANG_ANALYZER_NONNULL = YES;
				CLANG_ANALYZER_NUMBER_OBJECT_CONVERSION = YES_AGGRESSIVE;
				CLANG_CXX_LANGUAGE_STANDARD = "gnu++14";
				CLANG_CXX_LIBRARY = "libc++";
				CLANG_ENABLE_MODULES = YES;
				CLANG_ENABLE_OBJC_ARC = YES;
				CLANG_WARN_BLOCK_CAPTURE_AUTORELEASING = YES;
				CLANG_WARN_BOOL_CONVERSION = YES;
				CLANG_WARN_COMMA = YES;
				CLANG_WARN_CONSTANT_CONVERSION = YES;
				CLANG_WARN_DIRECT_OBJC_ISA_USAGE = YES_ERROR;
				CLANG_WARN_DOCUMENTATION_COMMENTS = YES;
				CLANG_WARN_EMPTY_BODY = YES;
				CLANG_WARN_ENUM_CONVERSION = YES;
				CLANG_WARN_INFINITE_RECURSION = YES;
				CLANG_WARN_INT_CONVERSION = YES;
				CLANG_WARN_OBJC_ROOT_CLASS = YES_ERROR;
				CLANG_WARN_RANGE_LOOP_ANALYSIS = YES;
				CLANG_WARN_STRICT_PROTOTYPES = YES;
				CLANG_WARN_SUSPICIOUS_MOVE = YES;
				CLANG_WARN_UNGUARDED_AVAILABILITY = YES_AGGRESSIVE;
				CLANG_WARN_UNREACHABLE_CODE = YES;
				CLANG_WARN__DUPLICATE_METHOD_MATCH = YES;
				CODE_SIGN_IDENTITY = "iPhone Developer";
				COPY_PHASE_STRIP = NO;
				DEBUG_INFORMATION_FORMAT = "dwarf-with-dsym";
				ENABLE_NS_ASSERTIONS = NO;
				ENABLE_STRICT_OBJC_MSGSEND = YES;
				GCC_C_LANGUAGE_STANDARD = gnu11;
				GCC_NO_COMMON_BLOCKS = YES;
				GCC_WARN_64_TO_32_BIT_CONVERSION = YES;
				GCC_WARN_ABOUT_RETURN_TYPE = YES_ERROR;
				GCC_WARN_UNDECLARED_SELECTOR = YES;
				GCC_WARN_UNINITIALIZED_AUTOS = YES_AGGRESSIVE;
				GCC_WARN_UNUSED_FUNCTION = YES;
				GCC_WARN_UNUSED_VARIABLE = YES;
				IPHONEOS_DEPLOYMENT_TARGET = 11.0;
				MTL_ENABLE_DEBUG_INFO = NO;
				SDKROOT = iphoneos;
				VALIDATE_PRODUCT = YES;
			};
			name = Release;
		};
		8CB624A91F4B2F410039F6EE /* Debug */ = {
			isa = XCBuildConfiguration;
			buildSettings = {
				ASSETCATALOG_COMPILER_APPICON_NAME = AppIcon;
				DEVELOPMENT_TEAM = 9XQEPG2J2J;
				INFOPLIST_FILE = DemoApp/Info.plist;
				IPHONEOS_DEPLOYMENT_TARGET = 8.0;
				LD_RUNPATH_SEARCH_PATHS = "$(inherited) @executable_path/Frameworks";
				PRODUCT_BUNDLE_IDENTIFIER = com.alonemonkey.DemoApp;
				PRODUCT_NAME = "$(TARGET_NAME)";
				TARGETED_DEVICE_FAMILY = "1,2";
			};
			name = Debug;
		};
		8CB624AA1F4B2F410039F6EE /* Release */ = {
			isa = XCBuildConfiguration;
			buildSettings = {
				ASSETCATALOG_COMPILER_APPICON_NAME = AppIcon;
				DEVELOPMENT_TEAM = 9XQEPG2J2J;
				INFOPLIST_FILE = DemoApp/Info.plist;
				IPHONEOS_DEPLOYMENT_TARGET = 8.0;
				LD_RUNPATH_SEARCH_PATHS = "$(inherited) @executable_path/Frameworks";
				PRODUCT_BUNDLE_IDENTIFIER = com.alonemonkey.DemoApp;
				PRODUCT_NAME = "$(TARGET_NAME)";
				TARGETED_DEVICE_FAMILY = "1,2";
			};
			name = Release;
		};
/* End XCBuildConfiguration section */

/* Begin XCConfigurationList section */
		8CB6248D1F4B2F410039F6EE /* Build configuration list for PBXProject "DemoApp" */ = {
			isa = XCConfigurationList;
			buildConfigurations = (
				8CB624A61F4B2F410039F6EE /* Debug */,
				8CB624A71F4B2F410039F6EE /* Release */,
			);
			defaultConfigurationIsVisible = 0;
			defaultConfigurationName = Release;
		};
		8CB624A81F4B2F410039F6EE /* Build configuration list for PBXNativeTarget "DemoApp" */ = {
			isa = XCConfigurationList;
			buildConfigurations = (
				8CB624A91F4B2F410039F6EE /* Debug */,
				8CB624AA1F4B2F410039F6EE /* Release */,
			);
			defaultConfigurationIsVisible = 0;
		};
/* End XCConfigurationList section */
	};
	rootObject = 8CB6248A1F4B2F410039F6EE /* Project object */;
}
