// !$*UTF8*$!
{
	archiveVersion = 1;
	classes = {
	};
	objectVersion = 46;
	objects = {

/* Begin PBXBuildFile section */
		8659D66E1F555275004BD8B5 /* main.c in Sources */ = {isa = PBXBuildFile; fileRef = 8659D66D1F555275004BD8B5 /* main.c */; };
/* End PBXBuildFile section */

/* Begin PBXFileReference section */
		8659D6691F555275004BD8B5 /* control */ = {isa = PBXFileReference; lastKnownFileType = text; name = control; path = Package/DEBIAN/control; sourceTree = "<group>"; };
		8659D66C1F555275004BD8B5 /* 0xdeadfa11 */ = {isa = PBXFileReference; lastKnownFileType = text; name = 0xdeadfa11; path = Package/usr/bin/0xdeadfa11; sourceTree = "<group>"; };
		8659D66D1F555275004BD8B5 /* main.c */ = {isa = PBXFileReference; lastKnownFileType = sourcecode.c.c; path = main.c; sourceTree = "<group>"; };
/* End PBXFileReference section */

/* Begin PBXFrameworksBuildPhase section */
		8659D6631F555275004BD8B5 /* Frameworks */ = {
			isa = PBXFrameworksBuildPhase;
			buildActionMask = 2147483647;
			files = (
			);
			runOnlyForDeploymentPostprocessing = 0;
		};
/* End PBXFrameworksBuildPhase section */

/* Begin PBXGroup section */
		8659D65D1F555275004BD8B5 = {
			isa = PBXGroup;
			children = (
				8659D6661F555275004BD8B5 /* Commandline */,
			);
			sourceTree = "<group>";
		};
		8659D6661F555275004BD8B5 /* Commandline */ = {
			isa = PBXGroup;
			children = (
				8659D66D1F555275004BD8B5 /* main.c */,
				8659D6671F555275004BD8B5 /* Package */,
			);
			path = Commandline;
			sourceTree = "<group>";
		};
		8659D6671F555275004BD8B5 /* Package */ = {
			isa = PBXGroup;
			children = (
				8659D6681F555275004BD8B5 /* DEBIAN */,
				8659D66A1F555275004BD8B5 /* usr */,
			);
			name = Package;
			sourceTree = "<group>";
		};
		8659D6681F555275004BD8B5 /* DEBIAN */ = {
			isa = PBXGroup;
			children = (
				8659D6691F555275004BD8B5 /* control */,
			);
			name = DEBIAN;
			sourceTree = "<group>";
		};
		8659D66A1F555275004BD8B5 /* usr */ = {
			isa = PBXGroup;
			children = (
				8659D66B1F555275004BD8B5 /* bin */,
			);
			name = usr;
			sourceTree = "<group>";
		};
		8659D66B1F555275004BD8B5 /* bin */ = {
			isa = PBXGroup;
			children = (
				8659D66C1F555275004BD8B5 /* 0xdeadfa11 */,
			);
			name = bin;
			sourceTree = "<group>";
		};
/* End PBXGroup section */

/* Begin PBXNativeTarget section */
		8659D6651F555275004BD8B5 /* Commandline */ = {
			isa = PBXNativeTarget;
			buildConfigurationList = 8659D6711F555275004BD8B5 /* Build configuration list for PBXNativeTarget "Commandline" */;
			buildPhases = (
				8659D6621F555275004BD8B5 /* Sources */,
				8659D6631F555275004BD8B5 /* Frameworks */,
				8659D6641F555275004BD8B5 /* ShellScript */,
			);
			buildRules = (
			);
			dependencies = (
			);
			name = Commandline;
			productName = Commandline;
			productType = "com.apple.product-type.tool";
		};
/* End PBXNativeTarget section */

/* Begin PBXProject section */
		8659D65E1F555275004BD8B5 /* Project object */ = {
			isa = PBXProject;
			attributes = {
				LastUpgradeCheck = 0830;
				TargetAttributes = {
					8659D6651F555275004BD8B5 = {
						CreatedOnToolsVersion = 8.3.3;
						DevelopmentTeam = 9XQEPG2J2J;
						ProvisioningStyle = Automatic;
					};
				};
			};
			buildConfigurationList = 8659D6611F555275004BD8B5 /* Build configuration list for PBXProject "Commandline" */;
			compatibilityVersion = "Xcode 3.2";
			developmentRegion = English;
			hasScannedForEncodings = 0;
			knownRegions = (
				en,
			);
			mainGroup = 8659D65D1F555275004BD8B5;
			projectDirPath = "";
			projectRoot = "";
			targets = (
				8659D6651F555275004BD8B5 /* Commandline */,
			);
		};
/* End PBXProject section */

/* Begin PBXShellScriptBuildPhase section */
		8659D6641F555275004BD8B5 /* ShellScript */ = {
			isa = PBXShellScriptBuildPhase;
			buildActionMask = 2147483647;
			files = (
			);
			inputPaths = (
			);
			outputPaths = (
			);
			runOnlyForDeploymentPostprocessing = 0;
			shellPath = /bin/sh;
			shellScript = "/opt/MonkeyDev/bin/md --xcbp";
		};
/* End PBXShellScriptBuildPhase section */

/* Begin PBXSourcesBuildPhase section */
		8659D6621F555275004BD8B5 /* Sources */ = {
			isa = PBXSourcesBuildPhase;
			buildActionMask = 2147483647;
			files = (
				8659D66E1F555275004BD8B5 /* main.c in Sources */,
			);
			runOnlyForDeploymentPostprocessing = 0;
		};
/* End PBXSourcesBuildPhase section */

/* Begin XCBuildConfiguration section */
		8659D66F1F555275004BD8B5 /* Release */ = {
			isa = XCBuildConfiguration;
			buildSettings = {
				"CODE_SIGN_IDENTITY[sdk=iphoneos*]" = "iPhone Developer";
				COPY_PHASE_STRIP = YES;
				EXCLUDED_RECURSIVE_SEARCH_PATH_SUBDIRECTORIES = "*.nib *.lproj *.gch (*) .DS_Store CVS .svn .git .hg *.xcodeproj *.xcode *.pbproj *.pbxproj";
				FRAMEWORK_SEARCH_PATHS = (
					"$(MonkeyDevPath)/frameworks/**",
					"$(MonkeyDevTheosPath)/vendor/lib",
				);
				GCC_C_LANGUAGE_STANDARD = gnu99;
				GCC_WARN_ABOUT_MISSING_PROTOTYPES = YES;
				GCC_WARN_ABOUT_RETURN_TYPE = YES;
				GCC_WARN_UNUSED_VARIABLE = YES;
				HEADER_SEARCH_PATHS = "$(MonkeyDevTheosPath)/vendor/include/**";
				IPHONEOS_DEPLOYMENT_TARGET = 8.0;
				LIBRARY_SEARCH_PATHS = "$(MonkeyDevTheosPath)/vendor/lib/**";
				MonkeyDevPath = /opt/MonkeyDev;
				MonkeyDevTheosPath = /opt/theos;
				OTHER_CFLAGS = "-DTHEOS_INSTANCE_NAME=\"\\\"Commandline\\\"\"";
				SDKROOT = iphoneos;
				TARGETED_DEVICE_FAMILY = "1,2";
				VALIDATE_PRODUCT = YES;
			};
			name = Release;
		};
		8659D6701F555275004BD8B5 /* Debug */ = {
			isa = XCBuildConfiguration;
			buildSettings = {
				"CODE_SIGN_IDENTITY[sdk=iphoneos*]" = "iPhone Developer";
				COPY_PHASE_STRIP = NO;
				EXCLUDED_RECURSIVE_SEARCH_PATH_SUBDIRECTORIES = "*.nib *.lproj *.gch (*) .DS_Store CVS .svn .git .hg *.xcodeproj *.xcode *.pbproj *.pbxproj";
				FRAMEWORK_SEARCH_PATHS = (
					"$(MonkeyDevPath)/frameworks/**",
					"$(MonkeyDevTheosPath)/vendor/lib",
				);
				GCC_C_LANGUAGE_STANDARD = gnu99;
				GCC_DYNAMIC_NO_PIC = NO;
				GCC_OPTIMIZATION_LEVEL = 0;
				GCC_PREPROCESSOR_DEFINITIONS = (
					"DEBUG=1",
					"$(inherited)",
				);
				GCC_SYMBOLS_PRIVATE_EXTERN = NO;
				GCC_WARN_ABOUT_MISSING_PROTOTYPES = YES;
				GCC_WARN_ABOUT_RETURN_TYPE = YES;
				GCC_WARN_UNUSED_VARIABLE = YES;
				HEADER_SEARCH_PATHS = "$(MonkeyDevTheosPath)/vendor/include/**";
				IPHONEOS_DEPLOYMENT_TARGET = 8.0;
				LIBRARY_SEARCH_PATHS = "$(MonkeyDevTheosPath)/vendor/lib/**";
				MonkeyDevPath = /opt/MonkeyDev;
				MonkeyDevTheosPath = /opt/theos;
				OTHER_CFLAGS = "-DTHEOS_INSTANCE_NAME=\"\\\"Commandline\\\"\"";
				SDKROOT = iphoneos;
				TARGETED_DEVICE_FAMILY = "1,2";
				VALIDATE_PRODUCT = NO;
			};
			name = Debug;
		};
		8659D6721F555275004BD8B5 /* Release */ = {
			isa = XCBuildConfiguration;
			buildSettings = {
				CODE_SIGN_IDENTITY = "iPhone Developer";
				DEVELOPMENT_TEAM = 9XQEPG2J2J;
				INSTALL_PATH = /usr/bin;
				MonkeyDevBuildPackageOnAnyBuild = NO;
				MonkeyDevClearUiCacheOnInstall = NO;
				MonkeyDevCopyOnBuild = NO;
				MonkeyDevDeviceIP = localhost;
				MonkeyDevDevicePort = 2222;
				MonkeyDevInstallOnAnyBuild = YES;
				MonkeyDevInstallOnProfiling = YES;
				MonkeyDevkillProcessOnInstall = "";
				PRODUCT_NAME = "$(TARGET_NAME)";
			};
			name = Release;
		};
		8659D6731F555275004BD8B5 /* Debug */ = {
			isa = XCBuildConfiguration;
			buildSettings = {
				CODE_SIGN_IDENTITY = "iPhone Developer";
				DEVELOPMENT_TEAM = 9XQEPG2J2J;
				INSTALL_PATH = /usr/bin;
				MonkeyDevBuildPackageOnAnyBuild = NO;
				MonkeyDevClearUiCacheOnInstall = NO;
				MonkeyDevCopyOnBuild = NO;
				MonkeyDevDeviceIP = localhost;
				MonkeyDevDevicePort = 2222;
				MonkeyDevInstallOnAnyBuild = YES;
				MonkeyDevInstallOnProfiling = YES;
				MonkeyDevkillProcessOnInstall = "";
				PRODUCT_NAME = "$(TARGET_NAME)";
			};
			name = Debug;
		};
/* End XCBuildConfiguration section */

/* Begin XCConfigurationList section */
		8659D6611F555275004BD8B5 /* Build configuration list for PBXProject "Commandline" */ = {
			isa = XCConfigurationList;
			buildConfigurations = (
				8659D66F1F555275004BD8B5 /* Release */,
				8659D6701F555275004BD8B5 /* Debug */,
			);
			defaultConfigurationIsVisible = 0;
			defaultConfigurationName = Release;
		};
		8659D6711F555275004BD8B5 /* Build configuration list for PBXNativeTarget "Commandline" */ = {
			isa = XCConfigurationList;
			buildConfigurations = (
				8659D6721F555275004BD8B5 /* Release */,
				8659D6731F555275004BD8B5 /* Debug */,
			);
			defaultConfigurationIsVisible = 0;
			defaultConfigurationName = Release;
		};
/* End XCConfigurationList section */
	};
	rootObject = 8659D65E1F555275004BD8B5 /* Project object */;
}
