// !$*UTF8*$!
{
	archiveVersion = 1;
	classes = {
	};
	objectVersion = 46;
	objects = {

/* Begin PBXBuildFile section */
		867F1B6F1F501D2800E75047 /* main.m in Sources */ = {isa = PBXBuildFile; fileRef = 867F1B6E1F501D2800E75047 /* main.m */; };
		867F1B721F501D2800E75047 /* AppDelegate.m in Sources */ = {isa = PBXBuildFile; fileRef = 867F1B711F501D2800E75047 /* AppDelegate.m */; };
		867F1B751F501D2800E75047 /* ViewController.m in Sources */ = {isa = PBXBuildFile; fileRef = 867F1B741F501D2800E75047 /* ViewController.m */; };
		867F1B781F501D2800E75047 /* Main.storyboard in Resources */ = {isa = PBXBuildFile; fileRef = 867F1B761F501D2800E75047 /* Main.storyboard */; };
		867F1B7A1F501D2800E75047 /* Assets.xcassets in Resources */ = {isa = PBXBuildFile; fileRef = 867F1B791F501D2800E75047 /* Assets.xcassets */; };
		867F1B7D1F501D2800E75047 /* LaunchScreen.storyboard in Resources */ = {isa = PBXBuildFile; fileRef = 867F1B7B1F501D2800E75047 /* LaunchScreen.storyboard */; };
		867F1B8A1F501D4500E75047 /* MyClass.m in Sources */ = {isa = PBXBuildFile; fileRef = 867F1B851F501D4500E75047 /* MyClass.m */; };
		867F1B8B1F501D4500E75047 /* NSObject+Class.m in Sources */ = {isa = PBXBuildFile; fileRef = 867F1B871F501D4500E75047 /* NSObject+Class.m */; };
		867F1B8C1F501D4500E75047 /* UIViewController+Swizzle.m in Sources */ = {isa = PBXBuildFile; fileRef = 867F1B891F501D4500E75047 /* UIViewController+Swizzle.m */; };
/* End PBXBuildFile section */

/* Begin PBXFileReference section */
		867F1B6A1F501D2800E75047 /* RuntimeDemo.app */ = {isa = PBXFileReference; explicitFileType = wrapper.application; includeInIndex = 0; path = RuntimeDemo.app; sourceTree = BUILT_PRODUCTS_DIR; };
		867F1B6E1F501D2800E75047 /* main.m */ = {isa = PBXFileReference; lastKnownFileType = sourcecode.c.objc; path = main.m; sourceTree = "<group>"; };
		867F1B701F501D2800E75047 /* AppDelegate.h */ = {isa = PBXFileReference; lastKnownFileType = sourcecode.c.h; path = AppDelegate.h; sourceTree = "<group>"; };
		867F1B711F501D2800E75047 /* AppDelegate.m */ = {isa = PBXFileReference; lastKnownFileType = sourcecode.c.objc; path = AppDelegate.m; sourceTree = "<group>"; };
		867F1B731F501D2800E75047 /* ViewController.h */ = {isa = PBXFileReference; lastKnownFileType = sourcecode.c.h; path = ViewController.h; sourceTree = "<group>"; };
		867F1B741F501D2800E75047 /* ViewController.m */ = {isa = PBXFileReference; lastKnownFileType = sourcecode.c.objc; path = ViewController.m; sourceTree = "<group>"; };
		867F1B771F501D2800E75047 /* Base */ = {isa = PBXFileReference; lastKnownFileType = file.storyboard; name = Base; path = Base.lproj/Main.storyboard; sourceTree = "<group>"; };
		867F1B791F501D2800E75047 /* Assets.xcassets */ = {isa = PBXFileReference; lastKnownFileType = folder.assetcatalog; path = Assets.xcassets; sourceTree = "<group>"; };
		867F1B7C1F501D2800E75047 /* Base */ = {isa = PBXFileReference; lastKnownFileType = file.storyboard; name = Base; path = Base.lproj/LaunchScreen.storyboard; sourceTree = "<group>"; };
		867F1B7E1F501D2800E75047 /* Info.plist */ = {isa = PBXFileReference; lastKnownFileType = text.plist.xml; path = Info.plist; sourceTree = "<group>"; };
		867F1B841F501D4500E75047 /* MyClass.h */ = {isa = PBXFileReference; fileEncoding = 4; lastKnownFileType = sourcecode.c.h; path = MyClass.h; sourceTree = "<group>"; };
		867F1B851F501D4500E75047 /* MyClass.m */ = {isa = PBXFileReference; fileEncoding = 4; lastKnownFileType = sourcecode.c.objc; path = MyClass.m; sourceTree = "<group>"; };
		867F1B861F501D4500E75047 /* NSObject+Class.h */ = {isa = PBXFileReference; fileEncoding = 4; lastKnownFileType = sourcecode.c.h; path = "NSObject+Class.h"; sourceTree = "<group>"; };
		867F1B871F501D4500E75047 /* NSObject+Class.m */ = {isa = PBXFileReference; fileEncoding = 4; lastKnownFileType = sourcecode.c.objc; path = "NSObject+Class.m"; sourceTree = "<group>"; };
		867F1B881F501D4500E75047 /* UIViewController+Swizzle.h */ = {isa = PBXFileReference; fileEncoding = 4; lastKnownFileType = sourcecode.c.h; path = "UIViewController+Swizzle.h"; sourceTree = "<group>"; };
		867F1B891F501D4500E75047 /* UIViewController+Swizzle.m */ = {isa = PBXFileReference; fileEncoding = 4; lastKnownFileType = sourcecode.c.objc; path = "UIViewController+Swizzle.m"; sourceTree = "<group>"; };
/* End PBXFileReference section */

/* Begin PBXFrameworksBuildPhase section */
		867F1B671F501D2700E75047 /* Frameworks */ = {
			isa = PBXFrameworksBuildPhase;
			buildActionMask = 2147483647;
			files = (
			);
			runOnlyForDeploymentPostprocessing = 0;
		};
/* End PBXFrameworksBuildPhase section */

/* Begin PBXGroup section */
		867F1B611F501D2700E75047 = {
			isa = PBXGroup;
			children = (
				867F1B6C1F501D2800E75047 /* RuntimeDemo */,
				867F1B6B1F501D2800E75047 /* Products */,
			);
			sourceTree = "<group>";
		};
		867F1B6B1F501D2800E75047 /* Products */ = {
			isa = PBXGroup;
			children = (
				867F1B6A1F501D2800E75047 /* RuntimeDemo.app */,
			);
			name = Products;
			sourceTree = "<group>";
		};
		867F1B6C1F501D2800E75047 /* RuntimeDemo */ = {
			isa = PBXGroup;
			children = (
				867F1B841F501D4500E75047 /* MyClass.h */,
				867F1B851F501D4500E75047 /* MyClass.m */,
				867F1B861F501D4500E75047 /* NSObject+Class.h */,
				867F1B871F501D4500E75047 /* NSObject+Class.m */,
				867F1B881F501D4500E75047 /* UIViewController+Swizzle.h */,
				867F1B891F501D4500E75047 /* UIViewController+Swizzle.m */,
				867F1B701F501D2800E75047 /* AppDelegate.h */,
				867F1B711F501D2800E75047 /* AppDelegate.m */,
				867F1B731F501D2800E75047 /* ViewController.h */,
				867F1B741F501D2800E75047 /* ViewController.m */,
				867F1B761F501D2800E75047 /* Main.storyboard */,
				867F1B791F501D2800E75047 /* Assets.xcassets */,
				867F1B7B1F501D2800E75047 /* LaunchScreen.storyboard */,
				867F1B7E1F501D2800E75047 /* Info.plist */,
				867F1B6D1F501D2800E75047 /* Supporting Files */,
			);
			path = RuntimeDemo;
			sourceTree = "<group>";
		};
		867F1B6D1F501D2800E75047 /* Supporting Files */ = {
			isa = PBXGroup;
			children = (
				867F1B6E1F501D2800E75047 /* main.m */,
			);
			name = "Supporting Files";
			sourceTree = "<group>";
		};
/* End PBXGroup section */

/* Begin PBXNativeTarget section */
		867F1B691F501D2700E75047 /* RuntimeDemo */ = {
			isa = PBXNativeTarget;
			buildConfigurationList = 867F1B811F501D2800E75047 /* Build configuration list for PBXNativeTarget "RuntimeDemo" */;
			buildPhases = (
				867F1B661F501D2700E75047 /* Sources */,
				867F1B671F501D2700E75047 /* Frameworks */,
				867F1B681F501D2700E75047 /* Resources */,
			);
			buildRules = (
			);
			dependencies = (
			);
			name = RuntimeDemo;
			productName = RuntimeDemo;
			productReference = 867F1B6A1F501D2800E75047 /* RuntimeDemo.app */;
			productType = "com.apple.product-type.application";
		};
/* End PBXNativeTarget section */

/* Begin PBXProject section */
		867F1B621F501D2700E75047 /* Project object */ = {
			isa = PBXProject;
			attributes = {
				LastUpgradeCheck = 0830;
				ORGANIZATIONNAME = AloneMonkey;
				TargetAttributes = {
					867F1B691F501D2700E75047 = {
						CreatedOnToolsVersion = 8.3.3;
						DevelopmentTeam = 9XQEPG2J2J;
						ProvisioningStyle = Manual;
					};
				};
			};
			buildConfigurationList = 867F1B651F501D2700E75047 /* Build configuration list for PBXProject "RuntimeDemo" */;
			compatibilityVersion = "Xcode 3.2";
			developmentRegion = English;
			hasScannedForEncodings = 0;
			knownRegions = (
				en,
				Base,
			);
			mainGroup = 867F1B611F501D2700E75047;
			productRefGroup = 867F1B6B1F501D2800E75047 /* Products */;
			projectDirPath = "";
			projectRoot = "";
			targets = (
				867F1B691F501D2700E75047 /* RuntimeDemo */,
			);
		};
/* End PBXProject section */

/* Begin PBXResourcesBuildPhase section */
		867F1B681F501D2700E75047 /* Resources */ = {
			isa = PBXResourcesBuildPhase;
			buildActionMask = 2147483647;
			files = (
				867F1B7D1F501D2800E75047 /* LaunchScreen.storyboard in Resources */,
				867F1B7A1F501D2800E75047 /* Assets.xcassets in Resources */,
				867F1B781F501D2800E75047 /* Main.storyboard in Resources */,
			);
			runOnlyForDeploymentPostprocessing = 0;
		};
/* End PBXResourcesBuildPhase section */

/* Begin PBXSourcesBuildPhase section */
		867F1B661F501D2700E75047 /* Sources */ = {
			isa = PBXSourcesBuildPhase;
			buildActionMask = 2147483647;
			files = (
				867F1B8A1F501D4500E75047 /* MyClass.m in Sources */,
				867F1B8C1F501D4500E75047 /* UIViewController+Swizzle.m in Sources */,
				867F1B751F501D2800E75047 /* ViewController.m in Sources */,
				867F1B721F501D2800E75047 /* AppDelegate.m in Sources */,
				867F1B6F1F501D2800E75047 /* main.m in Sources */,
				867F1B8B1F501D4500E75047 /* NSObject+Class.m in Sources */,
			);
			runOnlyForDeploymentPostprocessing = 0;
		};
/* End PBXSourcesBuildPhase section */

/* Begin PBXVariantGroup section */
		867F1B761F501D2800E75047 /* Main.storyboard */ = {
			isa = PBXVariantGroup;
			children = (
				867F1B771F501D2800E75047 /* Base */,
			);
			name = Main.storyboard;
			sourceTree = "<group>";
		};
		867F1B7B1F501D2800E75047 /* LaunchScreen.storyboard */ = {
			isa = PBXVariantGroup;
			children = (
				867F1B7C1F501D2800E75047 /* Base */,
			);
			name = LaunchScreen.storyboard;
			sourceTree = "<group>";
		};
/* End PBXVariantGroup section */

/* Begin XCBuildConfiguration section */
		867F1B7F1F501D2800E75047 /* Debug */ = {
			isa = XCBuildConfiguration;
			buildSettings = {
				ALWAYS_SEARCH_USER_PATHS = NO;
				CLANG_ANALYZER_NONNULL = YES;
				CLANG_ANALYZER_NUMBER_OBJECT_CONVERSION = YES_AGGRESSIVE;
				CLANG_CXX_LANGUAGE_STANDARD = "gnu++0x";
				CLANG_CXX_LIBRARY = "libc++";
				CLANG_ENABLE_MODULES = YES;
				CLANG_ENABLE_OBJC_ARC = YES;
				CLANG_WARN_BOOL_CONVERSION = YES;
				CLANG_WARN_CONSTANT_CONVERSION = YES;
				CLANG_WARN_DIRECT_OBJC_ISA_USAGE = YES_ERROR;
				CLANG_WARN_DOCUMENTATION_COMMENTS = YES;
				CLANG_WARN_EMPTY_BODY = YES;
				CLANG_WARN_ENUM_CONVERSION = YES;
				CLANG_WARN_INFINITE_RECURSION = YES;
				CLANG_WARN_INT_CONVERSION = YES;
				CLANG_WARN_OBJC_ROOT_CLASS = YES_ERROR;
				CLANG_WARN_SUSPICIOUS_MOVE = YES;
				CLANG_WARN_UNREACHABLE_CODE = YES;
				CLANG_WARN__DUPLICATE_METHOD_MATCH = YES;
				"CODE_SIGN_IDENTITY[sdk=iphoneos*]" = "iPhone Developer";
				COPY_PHASE_STRIP = NO;
				DEBUG_INFORMATION_FORMAT = dwarf;
				ENABLE_STRICT_OBJC_MSGSEND = YES;
				ENABLE_TESTABILITY = YES;
				GCC_C_LANGUAGE_STANDARD = gnu99;
				GCC_DYNAMIC_NO_PIC = NO;
				GCC_NO_COMMON_BLOCKS = YES;
				GCC_OPTIMIZATION_LEVEL = 0;
				GCC_PREPROCESSOR_DEFINITIONS = (
					"DEBUG=1",
					"$(inherited)",
				);
				GCC_WARN_64_TO_32_BIT_CONVERSION = YES;
				GCC_WARN_ABOUT_RETURN_TYPE = YES_ERROR;
				GCC_WARN_UNDECLARED_SELECTOR = YES;
				GCC_WARN_UNINITIALIZED_AUTOS = YES_AGGRESSIVE;
				GCC_WARN_UNUSED_FUNCTION = YES;
				GCC_WARN_UNUSED_VARIABLE = YES;
				IPHONEOS_DEPLOYMENT_TARGET = 10.3;
				MTL_ENABLE_DEBUG_INFO = YES;
				ONLY_ACTIVE_ARCH = YES;
				SDKROOT = iphoneos;
				TARGETED_DEVICE_FAMILY = "1,2";
			};
			name = Debug;
		};
		867F1B801F501D2800E75047 /* Release */ = {
			isa = XCBuildConfiguration;
			buildSettings = {
				ALWAYS_SEARCH_USER_PATHS = NO;
				CLANG_ANALYZER_NONNULL = YES;
				CLANG_ANALYZER_NUMBER_OBJECT_CONVERSION = YES_AGGRESSIVE;
				CLANG_CXX_LANGUAGE_STANDARD = "gnu++0x";
				CLANG_CXX_LIBRARY = "libc++";
				CLANG_ENABLE_MODULES = YES;
				CLANG_ENABLE_OBJC_ARC = YES;
				CLANG_WARN_BOOL_CONVERSION = YES;
				CLANG_WARN_CONSTANT_CONVERSION = YES;
				CLANG_WARN_DIRECT_OBJC_ISA_USAGE = YES_ERROR;
				CLANG_WARN_DOCUMENTATION_COMMENTS = YES;
				CLANG_WARN_EMPTY_BODY = YES;
				CLANG_WARN_ENUM_CONVERSION = YES;
				CLANG_WARN_INFINITE_RECURSION = YES;
				CLANG_WARN_INT_CONVERSION = YES;
				CLANG_WARN_OBJC_ROOT_CLASS = YES_ERROR;
				CLANG_WARN_SUSPICIOUS_MOVE = YES;
				CLANG_WARN_UNREACHABLE_CODE = YES;
				CLANG_WARN__DUPLICATE_METHOD_MATCH = YES;
				"CODE_SIGN_IDENTITY[sdk=iphoneos*]" = "iPhone Developer";
				COPY_PHASE_STRIP = NO;
				DEBUG_INFORMATION_FORMAT = "dwarf-with-dsym";
				ENABLE_NS_ASSERTIONS = NO;
				ENABLE_STRICT_OBJC_MSGSEND = YES;
				GCC_C_LANGUAGE_STANDARD = gnu99;
				GCC_NO_COMMON_BLOCKS = YES;
				GCC_WARN_64_TO_32_BIT_CONVERSION = YES;
				GCC_WARN_ABOUT_RETURN_TYPE = YES_ERROR;
				GCC_WARN_UNDECLARED_SELECTOR = YES;
				GCC_WARN_UNINITIALIZED_AUTOS = YES_AGGRESSIVE;
				GCC_WARN_UNUSED_FUNCTION = YES;
				GCC_WARN_UNUSED_VARIABLE = YES;
				IPHONEOS_DEPLOYMENT_TARGET = 10.3;
				MTL_ENABLE_DEBUG_INFO = NO;
				SDKROOT = iphoneos;
				TARGETED_DEVICE_FAMILY = "1,2";
				VALIDATE_PRODUCT = YES;
			};
			name = Release;
		};
		867F1B821F501D2800E75047 /* Debug */ = {
			isa = XCBuildConfiguration;
			buildSettings = {
				ASSETCATALOG_COMPILER_APPICON_NAME = AppIcon;
				CODE_SIGN_IDENTITY = "iPhone Developer: peiqing liu (FUL3EHEPG5)";
				CODE_SIGN_STYLE = Manual;
				DEVELOPMENT_TEAM = 9XQEPG2J2J;
				INFOPLIST_FILE = RuntimeDemo/Info.plist;
				LD_RUNPATH_SEARCH_PATHS = "$(inherited) @executable_path/Frameworks";
				PRODUCT_BUNDLE_IDENTIFIER = com.coder.RuntimeDemo;
				PRODUCT_NAME = "$(TARGET_NAME)";
				PROVISIONING_PROFILE = "6a1d3d59-30d6-4d5a-bd53-bea4b6678c56";
				PROVISIONING_PROFILE_SPECIFIER = generic;
			};
			name = Debug;
		};
		867F1B831F501D2800E75047 /* Release */ = {
			isa = XCBuildConfiguration;
			buildSettings = {
				ASSETCATALOG_COMPILER_APPICON_NAME = AppIcon;
				CODE_SIGN_IDENTITY = "iPhone Developer: peiqing liu (FUL3EHEPG5)";
				CODE_SIGN_STYLE = Manual;
				DEVELOPMENT_TEAM = 9XQEPG2J2J;
				INFOPLIST_FILE = RuntimeDemo/Info.plist;
				LD_RUNPATH_SEARCH_PATHS = "$(inherited) @executable_path/Frameworks";
				PRODUCT_BUNDLE_IDENTIFIER = com.coder.RuntimeDemo;
				PRODUCT_NAME = "$(TARGET_NAME)";
				PROVISIONING_PROFILE_SPECIFIER = generic;
			};
			name = Release;
		};
/* End XCBuildConfiguration section */

/* Begin XCConfigurationList section */
		867F1B651F501D2700E75047 /* Build configuration list for PBXProject "RuntimeDemo" */ = {
			isa = XCConfigurationList;
			buildConfigurations = (
				867F1B7F1F501D2800E75047 /* Debug */,
				867F1B801F501D2800E75047 /* Release */,
			);
			defaultConfigurationIsVisible = 0;
			defaultConfigurationName = Release;
		};
		867F1B811F501D2800E75047 /* Build configuration list for PBXNativeTarget "RuntimeDemo" */ = {
			isa = XCConfigurationList;
			buildConfigurations = (
				867F1B821F501D2800E75047 /* Debug */,
				867F1B831F501D2800E75047 /* Release */,
			);
			defaultConfigurationIsVisible = 0;
			defaultConfigurationName = Release;
		};
/* End XCConfigurationList section */
	};
	rootObject = 867F1B621F501D2700E75047 /* Project object */;
}
